
Microsoft Visual Studio Solution File, Format Version 12.00
# Visual Studio Version 17
VisualStudioVersion = 17.5.33502.453
MinimumVisualStudioVersion = 10.0.40219.1
Project("{FAE04EC0-301F-11D3-BF4B-00C04F79EFBC}") = "LA_ElixirCal", "LA_ElixirCal\LA_ElixirCal.csproj", "{BEF2C7CA-65AC-4D9E-A80F-D23290347892}"
EndProject
Global
	GlobalSection(SolutionConfigurationPlatforms) = preSolution
		Debug|Any CPU = Debug|Any CPU
		Release|Any CPU = Release|Any CPU
	EndGlobalSection
	GlobalSection(ProjectConfigurationPlatforms) = postSolution
		{BEF2C7CA-65AC-4D9E-A80F-D23290347892}.Debug|Any CPU.ActiveCfg = Debug|Any CPU
		{BEF2C7CA-65AC-4D9E-A80F-D23290347892}.Debug|Any CPU.Build.0 = Debug|Any CPU
		{BEF2C7CA-65AC-4D9E-A80F-D23290347892}.Release|Any CPU.ActiveCfg = Release|Any CPU
		{BEF2C7CA-65AC-4D9E-A80F-D23290347892}.Release|Any CPU.Build.0 = Release|Any CPU
	EndGlobalSection
	GlobalSection(SolutionProperties) = preSolution
		HideSolutionNode = FALSE
	EndGlobalSection
	GlobalSection(ExtensibilityGlobals) = postSolution
		SolutionGuid = {FC5D2FC3-AE3D-40EA-8AA1-77FC56E5C84F}
	EndGlobalSection
EndGlobal
